{
  "meteor": {},
  "dependencies": {
    "basePackages": {
      "foundation": {},
      "iron-router": {}
    },
    "packages": {
      "foundation": {
        "git": "https://github.com/ewall/meteor-foundation.git",
        "tag": "v4.3.2",
        "commit": "4cd0dc6ac5c69bf7477917a836d9078262d273a0"
      },
      "iron-router": {
        "git": "https://github.com/EventedMind/iron-router.git",
        "tag": "v0.6.1",
        "commit": "4e1ee0581d68bff422a915dacb0bd30eae10fe08"
      }
    }
  }
}
